// !$*UTF8*$!
{
	archiveVersion = 1;
	classes = {
	};
	objectVersion = 50;
	objects = {

/* Begin PBXBuildFile section */
		845B0F4C248CF92100CEDEB1 /* Profile.swift in Sources */ = {isa = PBXBuildFile; fileRef = 845B0F4B248CF92100CEDEB1 /* Profile.swift */; };
		845B0F4E248CFA7600CEDEB1 /* MapView.swift in Sources */ = {isa = PBXBuildFile; fileRef = 845B0F4D248CFA7600CEDEB1 /* MapView.swift */; };
		845B0F50248D012400CEDEB1 /* WonderfulList.swift in Sources */ = {isa = PBXBuildFile; fileRef = 845B0F4F248D012400CEDEB1 /* WonderfulList.swift */; };
		845B0F52248D084700CEDEB1 /* Wonders.xcassets in Resources */ = {isa = PBXBuildFile; fileRef = 845B0F51248D084700CEDEB1 /* Wonders.xcassets */; };
		845B0F54248D088700CEDEB1 /* Wonder.swift in Sources */ = {isa = PBXBuildFile; fileRef = 845B0F53248D088700CEDEB1 /* Wonder.swift */; };
		845B0F56248D346D00CEDEB1 /* WonderfulDetail.swift in Sources */ = {isa = PBXBuildFile; fileRef = 845B0F55248D346D00CEDEB1 /* WonderfulDetail.swift */; };
		848FB12B2481E9A1007B22AD /* AppDelegate.swift in Sources */ = {isa = PBXBuildFile; fileRef = 848FB12A2481E9A1007B22AD /* AppDelegate.swift */; };
		848FB12D2481E9A1007B22AD /* SceneDelegate.swift in Sources */ = {isa = PBXBuildFile; fileRef = 848FB12C2481E9A1007B22AD /* SceneDelegate.swift */; };
		848FB1312481E9A4007B22AD /* Assets.xcassets in Resources */ = {isa = PBXBuildFile; fileRef = 848FB1302481E9A4007B22AD /* Assets.xcassets */; };
		848FB1342481E9A4007B22AD /* Preview Assets.xcassets in Resources */ = {isa = PBXBuildFile; fileRef = 848FB1332481E9A4007B22AD /* Preview Assets.xcassets */; };
		848FB1372481E9A4007B22AD /* LaunchScreen.storyboard in Resources */ = {isa = PBXBuildFile; fileRef = 848FB1352481E9A4007B22AD /* LaunchScreen.storyboard */; };
		84E15F24248FEB96000F13BD /* Default-568h@2x.png in Resources */ = {isa = PBXBuildFile; fileRef = 84E15F23248FEB96000F13BD /* Default-568h@2x.png */; };
/* End PBXBuildFile section */

/* Begin PBXFileReference section */
		845B0F4B248CF92100CEDEB1 /* Profile.swift */ = {isa = PBXFileReference; lastKnownFileType = sourcecode.swift; path = Profile.swift; sourceTree = "<group>"; };
		845B0F4D248CFA7600CEDEB1 /* MapView.swift */ = {isa = PBXFileReference; lastKnownFileType = sourcecode.swift; path = MapView.swift; sourceTree = "<group>"; };
		845B0F4F248D012400CEDEB1 /* WonderfulList.swift */ = {isa = PBXFileReference; lastKnownFileType = sourcecode.swift; path = WonderfulList.swift; sourceTree = "<group>"; };
		845B0F51248D084700CEDEB1 /* Wonders.xcassets */ = {isa = PBXFileReference; lastKnownFileType = folder.assetcatalog; path = Wonders.xcassets; sourceTree = "<group>"; };
		845B0F53248D088700CEDEB1 /* Wonder.swift */ = {isa = PBXFileReference; lastKnownFileType = sourcecode.swift; path = Wonder.swift; sourceTree = "<group>"; };
		845B0F55248D346D00CEDEB1 /* WonderfulDetail.swift */ = {isa = PBXFileReference; lastKnownFileType = sourcecode.swift; path = WonderfulDetail.swift; sourceTree = "<group>"; };
		848FB1272481E9A1007B22AD /* Wonderful Indonesia.app */ = {isa = PBXFileReference; explicitFileType = wrapper.application; includeInIndex = 0; path = "Wonderful Indonesia.app"; sourceTree = BUILT_PRODUCTS_DIR; };
		848FB12A2481E9A1007B22AD /* AppDelegate.swift */ = {isa = PBXFileReference; lastKnownFileType = sourcecode.swift; path = AppDelegate.swift; sourceTree = "<group>"; };
		848FB12C2481E9A1007B22AD /* SceneDelegate.swift */ = {isa = PBXFileReference; lastKnownFileType = sourcecode.swift; path = SceneDelegate.swift; sourceTree = "<group>"; };
		848FB1302481E9A4007B22AD /* Assets.xcassets */ = {isa = PBXFileReference; lastKnownFileType = folder.assetcatalog; path = Assets.xcassets; sourceTree = "<group>"; };
		848FB1332481E9A4007B22AD /* Preview Assets.xcassets */ = {isa = PBXFileReference; lastKnownFileType = folder.assetcatalog; path = "Preview Assets.xcassets"; sourceTree = "<group>"; };
		848FB1362481E9A4007B22AD /* Base */ = {isa = PBXFileReference; lastKnownFileType = file.storyboard; name = Base; path = Base.lproj/LaunchScreen.storyboard; sourceTree = "<group>"; };
		848FB1382481E9A4007B22AD /* Info.plist */ = {isa = PBXFileReference; lastKnownFileType = text.plist.xml; path = Info.plist; sourceTree = "<group>"; };
		84E15F23248FEB96000F13BD /* Default-568h@2x.png */ = {isa = PBXFileReference; lastKnownFileType = image.png; path = "Default-568h@2x.png"; sourceTree = "<group>"; };
/* End PBXFileReference section */

/* Begin PBXFrameworksBuildPhase section */
		848FB1242481E9A1007B22AD /* Frameworks */ = {
			isa = PBXFrameworksBuildPhase;
			buildActionMask = 2147483647;
			files = (
			);
			runOnlyForDeploymentPostprocessing = 0;
		};
/* End PBXFrameworksBuildPhase section */

/* Begin PBXGroup section */
		8476FEFF248FF14E0028EA53 /* Model */ = {
			isa = PBXGroup;
			children = (
				845B0F53248D088700CEDEB1 /* Wonder.swift */,
			);
			path = Model;
			sourceTree = "<group>";
		};
		8476FF00248FF1540028EA53 /* View */ = {
			isa = PBXGroup;
			children = (
				848FB1352481E9A4007B22AD /* LaunchScreen.storyboard */,
				845B0F4B248CF92100CEDEB1 /* Profile.swift */,
				845B0F4F248D012400CEDEB1 /* WonderfulList.swift */,
				845B0F55248D346D00CEDEB1 /* WonderfulDetail.swift */,
				845B0F4D248CFA7600CEDEB1 /* MapView.swift */,
			);
			path = View;
			sourceTree = "<group>";
		};
		8476FF01248FF1590028EA53 /* Controller */ = {
			isa = PBXGroup;
			children = (
				848FB12A2481E9A1007B22AD /* AppDelegate.swift */,
				848FB12C2481E9A1007B22AD /* SceneDelegate.swift */,
			);
			path = Controller;
			sourceTree = "<group>";
		};
		848FB11E2481E9A1007B22AD = {
			isa = PBXGroup;
			children = (
				84E15F23248FEB96000F13BD /* Default-568h@2x.png */,
				848FB1292481E9A1007B22AD /* TrySwiftUI */,
				848FB1282481E9A1007B22AD /* Products */,
			);
			sourceTree = "<group>";
		};
		848FB1282481E9A1007B22AD /* Products */ = {
			isa = PBXGroup;
			children = (
				848FB1272481E9A1007B22AD /* Wonderful Indonesia.app */,
			);
			name = Products;
			sourceTree = "<group>";
		};
		848FB1292481E9A1007B22AD /* TrySwiftUI */ = {
			isa = PBXGroup;
			children = (
				8476FF01248FF1590028EA53 /* Controller */,
				8476FF00248FF1540028EA53 /* View */,
				8476FEFF248FF14E0028EA53 /* Model */,
				848FB1302481E9A4007B22AD /* Assets.xcassets */,
				845B0F51248D084700CEDEB1 /* Wonders.xcassets */,
				848FB1382481E9A4007B22AD /* Info.plist */,
				848FB1322481E9A4007B22AD /* Preview Content */,
			);
			path = TrySwiftUI;
			sourceTree = "<group>";
		};
		848FB1322481E9A4007B22AD /* Preview Content */ = {
			isa = PBXGroup;
			children = (
				848FB1332481E9A4007B22AD /* Preview Assets.xcassets */,
			);
			path = "Preview Content";
			sourceTree = "<group>";
		};
/* End PBXGroup section */

/* Begin PBXNativeTarget section */
		848FB1262481E9A1007B22AD /* Wonderful Indonesia */ = {
			isa = PBXNativeTarget;
			buildConfigurationList = 848FB13B2481E9A4007B22AD /* Build configuration list for PBXNativeTarget "Wonderful Indonesia" */;
			buildPhases = (
				848FB1232481E9A1007B22AD /* Sources */,
				848FB1242481E9A1007B22AD /* Frameworks */,
				848FB1252481E9A1007B22AD /* Resources */,
			);
			buildRules = (
			);
			dependencies = (
			);
			name = "Wonderful Indonesia";
			productName = TrySwiftUI;
			productReference = 848FB1272481E9A1007B22AD /* Wonderful Indonesia.app */;
			productType = "com.apple.product-type.application";
		};
/* End PBXNativeTarget section */

/* Begin PBXProject section */
		848FB11F2481E9A1007B22AD /* Project object */ = {
			isa = PBXProject;
			attributes = {
				LastSwiftUpdateCheck = 1130;
				LastUpgradeCheck = 1130;
				ORGANIZATIONNAME = "Kafin Code";
				TargetAttributes = {
					848FB1262481E9A1007B22AD = {
						CreatedOnToolsVersion = 11.3.1;
					};
				};
			};
			buildConfigurationList = 848FB1222481E9A1007B22AD /* Build configuration list for PBXProject "Wonderful Indonesia" */;
			compatibilityVersion = "Xcode 9.3";
			developmentRegion = en;
			hasScannedForEncodings = 0;
			knownRegions = (
				en,
				Base,
			);
			mainGroup = 848FB11E2481E9A1007B22AD;
			productRefGroup = 848FB1282481E9A1007B22AD /* Products */;
			projectDirPath = "";
			projectRoot = "";
			targets = (
				848FB1262481E9A1007B22AD /* Wonderful Indonesia */,
			);
		};
/* End PBXProject section */

/* Begin PBXResourcesBuildPhase section */
		848FB1252481E9A1007B22AD /* Resources */ = {
			isa = PBXResourcesBuildPhase;
			buildActionMask = 2147483647;
			files = (
				845B0F52248D084700CEDEB1 /* Wonders.xcassets in Resources */,
				848FB1372481E9A4007B22AD /* LaunchScreen.storyboard in Resources */,
				848FB1342481E9A4007B22AD /* Preview Assets.xcassets in Resources */,
				84E15F24248FEB96000F13BD /* Default-568h@2x.png in Resources */,
				848FB1312481E9A4007B22AD /* Assets.xcassets in Resources */,
			);
			runOnlyForDeploymentPostprocessing = 0;
		};
/* End PBXResourcesBuildPhase section */

/* Begin PBXSourcesBuildPhase section */
		848FB1232481E9A1007B22AD /* Sources */ = {
			isa = PBXSourcesBuildPhase;
			buildActionMask = 2147483647;
			files = (
				845B0F50248D012400CEDEB1 /* WonderfulList.swift in Sources */,
				845B0F56248D346D00CEDEB1 /* WonderfulDetail.swift in Sources */,
				848FB12B2481E9A1007B22AD /* AppDelegate.swift in Sources */,
				845B0F4C248CF92100CEDEB1 /* Profile.swift in Sources */,
				845B0F4E248CFA7600CEDEB1 /* MapView.swift in Sources */,
				845B0F54248D088700CEDEB1 /* Wonder.swift in Sources */,
				848FB12D2481E9A1007B22AD /* SceneDelegate.swift in Sources */,
			);
			runOnlyForDeploymentPostprocessing = 0;
		};
/* End PBXSourcesBuildPhase section */

/* Begin PBXVariantGroup section */
		848FB1352481E9A4007B22AD /* LaunchScreen.storyboard */ = {
			isa = PBXVariantGroup;
			children = (
				848FB1362481E9A4007B22AD /* Base */,
			);
			name = LaunchScreen.storyboard;
			sourceTree = "<group>";
		};
/* End PBXVariantGroup section */

/* Begin XCBuildConfiguration section */
		848FB1392481E9A4007B22AD /* Debug */ = {
			isa = XCBuildConfiguration;
			buildSettings = {
				ALWAYS_SEARCH_USER_PATHS = NO;
				CLANG_ANALYZER_NONNULL = YES;
				CLANG_ANALYZER_NUMBER_OBJECT_CONVERSION = YES_AGGRESSIVE;
				CLANG_CXX_LANGUAGE_STANDARD = "gnu++14";
				CLANG_CXX_LIBRARY = "libc++";
				CLANG_ENABLE_MODULES = YES;
				CLANG_ENABLE_OBJC_ARC = YES;
				CLANG_ENABLE_OBJC_WEAK = YES;
				CLANG_WARN_BLOCK_CAPTURE_AUTORELEASING = YES;
				CLANG_WARN_BOOL_CONVERSION = YES;
				CLANG_WARN_COMMA = YES;
				CLANG_WARN_CONSTANT_CONVERSION = YES;
				CLANG_WARN_DEPRECATED_OBJC_IMPLEMENTATIONS = YES;
				CLANG_WARN_DIRECT_OBJC_ISA_USAGE = YES_ERROR;
				CLANG_WARN_DOCUMENTATION_COMMENTS = YES;
				CLANG_WARN_EMPTY_BODY = YES;
				CLANG_WARN_ENUM_CONVERSION = YES;
				CLANG_WARN_INFINITE_RECURSION = YES;
				CLANG_WARN_INT_CONVERSION = YES;
				CLANG_WARN_NON_LITERAL_NULL_CONVERSION = YES;
				CLANG_WARN_OBJC_IMPLICIT_RETAIN_SELF = YES;
				CLANG_WARN_OBJC_LITERAL_CONVERSION = YES;
				CLANG_WARN_OBJC_ROOT_CLASS = YES_ERROR;
				CLANG_WARN_RANGE_LOOP_ANALYSIS = YES;
				CLANG_WARN_STRICT_PROTOTYPES = YES;
				CLANG_WARN_SUSPICIOUS_MOVE = YES;
				CLANG_WARN_UNGUARDED_AVAILABILITY = YES_AGGRESSIVE;
				CLANG_WARN_UNREACHABLE_CODE = YES;
				CLANG_WARN__DUPLICATE_METHOD_MATCH = YES;
				COPY_PHASE_STRIP = NO;
				DEBUG_INFORMATION_FORMAT = dwarf;
				ENABLE_STRICT_OBJC_MSGSEND = YES;
				ENABLE_TESTABILITY = YES;
				GCC_C_LANGUAGE_STANDARD = gnu11;
				GCC_DYNAMIC_NO_PIC = NO;
				GCC_NO_COMMON_BLOCKS = YES;
				GCC_OPTIMIZATION_LEVEL = 0;
				GCC_PREPROCESSOR_DEFINITIONS = (
					"DEBUG=1",
					"$(inherited)",
				);
				GCC_WARN_64_TO_32_BIT_CONVERSION = YES;
				GCC_WARN_ABOUT_RETURN_TYPE = YES_ERROR;
				GCC_WARN_UNDECLARED_SELECTOR = YES;
				GCC_WARN_UNINITIALIZED_AUTOS = YES_AGGRESSIVE;
				GCC_WARN_UNUSED_FUNCTION = YES;
				GCC_WARN_UNUSED_VARIABLE = YES;
				IPHONEOS_DEPLOYMENT_TARGET = 13.2;
				MTL_ENABLE_DEBUG_INFO = INCLUDE_SOURCE;
				MTL_FAST_MATH = YES;
				ONLY_ACTIVE_ARCH = YES;
				SDKROOT = iphoneos;
				SWIFT_ACTIVE_COMPILATION_CONDITIONS = DEBUG;
				SWIFT_OPTIMIZATION_LEVEL = "-Onone";
			};
			name = Debug;
		};
		848FB13A2481E9A4007B22AD /* Release */ = {
			isa = XCBuildConfiguration;
			buildSettings = {
				ALWAYS_SEARCH_USER_PATHS = NO;
				CLANG_ANALYZER_NONNULL = YES;
				CLANG_ANALYZER_NUMBER_OBJECT_CONVERSION = YES_AGGRESSIVE;
				CLANG_CXX_LANGUAGE_STANDARD = "gnu++14";
				CLANG_CXX_LIBRARY = "libc++";
				CLANG_ENABLE_MODULES = YES;
				CLANG_ENABLE_OBJC_ARC = YES;
				CLANG_ENABLE_OBJC_WEAK = YES;
				CLANG_WARN_BLOCK_CAPTURE_AUTORELEASING = YES;
				CLANG_WARN_BOOL_CONVERSION = YES;
				CLANG_WARN_COMMA = YES;
				CLANG_WARN_CONSTANT_CONVERSION = YES;
				CLANG_WARN_DEPRECATED_OBJC_IMPLEMENTATIONS = YES;
				CLANG_WARN_DIRECT_OBJC_ISA_USAGE = YES_ERROR;
				CLANG_WARN_DOCUMENTATION_COMMENTS = YES;
				CLANG_WARN_EMPTY_BODY = YES;
				CLANG_WARN_ENUM_CONVERSION = YES;
				CLANG_WARN_INFINITE_RECURSION = YES;
				CLANG_WARN_INT_CONVERSION = YES;
				CLANG_WARN_NON_LITERAL_NULL_CONVERSION = YES;
				CLANG_WARN_OBJC_IMPLICIT_RETAIN_SELF = YES;
				CLANG_WARN_OBJC_LITERAL_CONVERSION = YES;
				CLANG_WARN_OBJC_ROOT_CLASS = YES_ERROR;
				CLANG_WARN_RANGE_LOOP_ANALYSIS = YES;
				CLANG_WARN_STRICT_PROTOTYPES = YES;
				CLANG_WARN_SUSPICIOUS_MOVE = YES;
				CLANG_WARN_UNGUARDED_AVAILABILITY = YES_AGGRESSIVE;
				CLANG_WARN_UNREACHABLE_CODE = YES;
				CLANG_WARN__DUPLICATE_METHOD_MATCH = YES;
				COPY_PHASE_STRIP = NO;
				DEBUG_INFORMATION_FORMAT = "dwarf-with-dsym";
				ENABLE_NS_ASSERTIONS = NO;
				ENABLE_STRICT_OBJC_MSGSEND = YES;
				GCC_C_LANGUAGE_STANDARD = gnu11;
				GCC_NO_COMMON_BLOCKS = YES;
				GCC_WARN_64_TO_32_BIT_CONVERSION = YES;
				GCC_WARN_ABOUT_RETURN_TYPE = YES_ERROR;
				GCC_WARN_UNDECLARED_SELECTOR = YES;
				GCC_WARN_UNINITIALIZED_AUTOS = YES_AGGRESSIVE;
				GCC_WARN_UNUSED_FUNCTION = YES;
				GCC_WARN_UNUSED_VARIABLE = YES;
				IPHONEOS_DEPLOYMENT_TARGET = 13.2;
				MTL_ENABLE_DEBUG_INFO = NO;
				MTL_FAST_MATH = YES;
				SDKROOT = iphoneos;
				SWIFT_COMPILATION_MODE = wholemodule;
				SWIFT_OPTIMIZATION_LEVEL = "-O";
				VALIDATE_PRODUCT = YES;
			};
			name = Release;
		};
		848FB13C2481E9A4007B22AD /* Debug */ = {
			isa = XCBuildConfiguration;
			buildSettings = {
				ASSETCATALOG_COMPILER_APPICON_NAME = AppIcon;
				CODE_SIGN_STYLE = Automatic;
				CURRENT_PROJECT_VERSION = 1;
				DEVELOPMENT_ASSET_PATHS = "\"TrySwiftUI/Preview Content\"";
				DEVELOPMENT_TEAM = LYHS5Z573T;
				ENABLE_PREVIEWS = YES;
				INFOPLIST_FILE = TrySwiftUI/Info.plist;
				LD_RUNPATH_SEARCH_PATHS = (
					"$(inherited)",
					"@executable_path/Frameworks",
				);
				MARKETING_VERSION = 1.0;
				PRODUCT_BUNDLE_IDENTIFIER = com.kafin.TrySwiftUI;
				PRODUCT_NAME = "Wonderful Indonesia";
				SWIFT_VERSION = 5.0;
				TARGETED_DEVICE_FAMILY = "1,2";
			};
			name = Debug;
		};
		848FB13D2481E9A4007B22AD /* Release */ = {
			isa = XCBuildConfiguration;
			buildSettings = {
				ASSETCATALOG_COMPILER_APPICON_NAME = AppIcon;
				CODE_SIGN_STYLE = Automatic;
				CURRENT_PROJECT_VERSION = 1;
				DEVELOPMENT_ASSET_PATHS = "\"TrySwiftUI/Preview Content\"";
				DEVELOPMENT_TEAM = LYHS5Z573T;
				ENABLE_PREVIEWS = YES;
				INFOPLIST_FILE = TrySwiftUI/Info.plist;
				LD_RUNPATH_SEARCH_PATHS = (
					"$(inherited)",
					"@executable_path/Frameworks",
				);
				MARKETING_VERSION = 1.0;
				PRODUCT_BUNDLE_IDENTIFIER = com.kafin.TrySwiftUI;
				PRODUCT_NAME = "Wonderful Indonesia";
				SWIFT_VERSION = 5.0;
				TARGETED_DEVICE_FAMILY = "1,2";
			};
			name = Release;
		};
/* End XCBuildConfiguration section */

/* Begin XCConfigurationList section */
		848FB1222481E9A1007B22AD /* Build configuration list for PBXProject "Wonderful Indonesia" */ = {
			isa = XCConfigurationList;
			buildConfigurations = (
				848FB1392481E9A4007B22AD /* Debug */,
				848FB13A2481E9A4007B22AD /* Release */,
			);
			defaultConfigurationIsVisible = 0;
			defaultConfigurationName = Release;
		};
		848FB13B2481E9A4007B22AD /* Build configuration list for PBXNativeTarget "Wonderful Indonesia" */ = {
			isa = XCConfigurationList;
			buildConfigurations = (
				848FB13C2481E9A4007B22AD /* Debug */,
				848FB13D2481E9A4007B22AD /* Release */,
			);
			defaultConfigurationIsVisible = 0;
			defaultConfigurationName = Release;
		};
/* End XCConfigurationList section */
	};
	rootObject = 848FB11F2481E9A1007B22AD /* Project object */;
}
